
Microsoft Visual Studio Solution File, Format Version 12.00
# Visual Studio Version 17
VisualStudioVersion = 17.5.33502.453
MinimumVisualStudioVersion = 10.0.40219.1
Project("{FAE04EC0-301F-11D3-BF4B-00C04F79EFBC}") = "kamen nuzky papir", "kamen nuzky papir.csproj", "{0515DE69-10B2-471B-A988-E2FD0A4F8808}"
EndProject
Global
	GlobalSection(SolutionConfigurationPlatforms) = preSolution
		Debug|Any CPU = Debug|Any CPU
		Release|Any CPU = Release|Any CPU
	EndGlobalSection
	GlobalSection(ProjectConfigurationPlatforms) = postSolution
		{0515DE69-10B2-471B-A988-E2FD0A4F8808}.Debug|Any CPU.ActiveCfg = Debug|Any CPU
		{0515DE69-10B2-471B-A988-E2FD0A4F8808}.Debug|Any CPU.Build.0 = Debug|Any CPU
		{0515DE69-10B2-471B-A988-E2FD0A4F8808}.Release|Any CPU.ActiveCfg = Release|Any CPU
		{0515DE69-10B2-471B-A988-E2FD0A4F8808}.Release|Any CPU.Build.0 = Release|Any CPU
	EndGlobalSection
	GlobalSection(SolutionProperties) = preSolution
		HideSolutionNode = FALSE
	EndGlobalSection
	GlobalSection(ExtensibilityGlobals) = postSolution
		SolutionGuid = {BA4D8E1B-86CB-45AF-83BD-518B878B6F21}
	EndGlobalSection
EndGlobal
